
Microsoft Visual Studio Solution File, Format Version 11.00
# Visual Studio 2010
Project("{FAE04EC0-301F-11D3-BF4B-00C04F79EFBC}") = "Assembly-CSharp", "Assembly-CSharp.csproj", "{49F33D10-FE12-8BCA-D624-BF33C5C9E61E}"
EndProject
Project("{FAE04EC0-301F-11D3-BF4B-00C04F79EFBC}") = "VuforiaScripts", "VuforiaScripts.csproj", "{8D717ACD-E890-A83C-5E2B-B34D05A4F278}"
EndProject
Project("{FAE04EC0-301F-11D3-BF4B-00C04F79EFBC}") = "Assembly-CSharp-Editor", "Assembly-CSharp-Editor.csproj", "{7E0D10F3-2F4F-31F3-1020-82B5D76ADA98}"
EndProject
Project("{FAE04EC0-301F-11D3-BF4B-00C04F79EFBC}") = "VuforiaEditorScripts", "VuforiaEditorScripts.csproj", "{9FCC7949-AE5E-13EF-73E4-F77CE9A76FE2}"
EndProject
Global
	GlobalSection(SolutionConfigurationPlatforms) = preSolution
		Debug|Any CPU = Debug|Any CPU
		Release|Any CPU = Release|Any CPU
	EndGlobalSection
	GlobalSection(ProjectConfigurationPlatforms) = postSolution
		{49F33D10-FE12-8BCA-D624-BF33C5C9E61E}.Debug|Any CPU.ActiveCfg = Debug|Any CPU
		{49F33D10-FE12-8BCA-D624-BF33C5C9E61E}.Debug|Any CPU.Build.0 = Debug|Any CPU
		{49F33D10-FE12-8BCA-D624-BF33C5C9E61E}.Release|Any CPU.ActiveCfg = Release|Any CPU
		{49F33D10-FE12-8BCA-D624-BF33C5C9E61E}.Release|Any CPU.Build.0 = Release|Any CPU
		{8D717ACD-E890-A83C-5E2B-B34D05A4F278}.Debug|Any CPU.ActiveCfg = Debug|Any CPU
		{8D717ACD-E890-A83C-5E2B-B34D05A4F278}.Debug|Any CPU.Build.0 = Debug|Any CPU
		{8D717ACD-E890-A83C-5E2B-B34D05A4F278}.Release|Any CPU.ActiveCfg = Release|Any CPU
		{8D717ACD-E890-A83C-5E2B-B34D05A4F278}.Release|Any CPU.Build.0 = Release|Any CPU
		{7E0D10F3-2F4F-31F3-1020-82B5D76ADA98}.Debug|Any CPU.ActiveCfg = Debug|Any CPU
		{7E0D10F3-2F4F-31F3-1020-82B5D76ADA98}.Debug|Any CPU.Build.0 = Debug|Any CPU
		{7E0D10F3-2F4F-31F3-1020-82B5D76ADA98}.Release|Any CPU.ActiveCfg = Release|Any CPU
		{7E0D10F3-2F4F-31F3-1020-82B5D76ADA98}.Release|Any CPU.Build.0 = Release|Any CPU
		{9FCC7949-AE5E-13EF-73E4-F77CE9A76FE2}.Debug|Any CPU.ActiveCfg = Debug|Any CPU
		{9FCC7949-AE5E-13EF-73E4-F77CE9A76FE2}.Debug|Any CPU.Build.0 = Debug|Any CPU
		{9FCC7949-AE5E-13EF-73E4-F77CE9A76FE2}.Release|Any CPU.ActiveCfg = Release|Any CPU
		{9FCC7949-AE5E-13EF-73E4-F77CE9A76FE2}.Release|Any CPU.Build.0 = Release|Any CPU
	EndGlobalSection
	GlobalSection(SolutionProperties) = preSolution
		HideSolutionNode = FALSE
	EndGlobalSection
EndGlobal
